
Microsoft Visual Studio Solution File, Format Version 12.00
# Visual Studio Version 16
VisualStudioVersion = 16.0.32002.261
MinimumVisualStudioVersion = 10.0.40219.1
Project("{FAE04EC0-301F-11D3-BF4B-00C04F79EFBC}") = "Project05", "Project05.csproj", "{9EB860CA-11E0-4371-B906-CBED4CFB0AAF}"
EndProject
Global
	GlobalSection(SolutionConfigurationPlatforms) = preSolution
		Debug|Any CPU = Debug|Any CPU
		Release|Any CPU = Release|Any CPU
	EndGlobalSection
	GlobalSection(ProjectConfigurationPlatforms) = postSolution
		{9EB860CA-11E0-4371-B906-CBED4CFB0AAF}.Debug|Any CPU.ActiveCfg = Debug|Any CPU
		{9EB860CA-11E0-4371-B906-CBED4CFB0AAF}.Debug|Any CPU.Build.0 = Debug|Any CPU
		{9EB860CA-11E0-4371-B906-CBED4CFB0AAF}.Release|Any CPU.ActiveCfg = Release|Any CPU
		{9EB860CA-11E0-4371-B906-CBED4CFB0AAF}.Release|Any CPU.Build.0 = Release|Any CPU
	EndGlobalSection
	GlobalSection(SolutionProperties) = preSolution
		HideSolutionNode = FALSE
	EndGlobalSection
	GlobalSection(ExtensibilityGlobals) = postSolution
		SolutionGuid = {87D26B50-7A21-4AB8-B6BC-3D1B7F6A9141}
	EndGlobalSection
EndGlobal
